{
  "version": 4,
  "terraform_version": "1.3.4",
  "serial": 3,
  "lineage": "02ea2fba-9d80-6599-176f-b7ea15423a38",
  "outputs": {
    "DO-vpc-output": {
      "value": "vpc-0877197311383a595",
      "type": "string"
    }
  },
  "resources": [
    {
      "mode": "managed",
      "type": "aws_internet_gateway",
      "name": "DO-igw",
      "provider": "provider[\"registry.terraform.io/hashicorp/aws\"]",
      "instances": [
        {
          "schema_version": 0,
          "attributes": {
            "arn": "arn:aws:ec2:us-east-1:056703031512:internet-gateway/igw-0558aaedd20e8aad6",
            "id": "igw-0558aaedd20e8aad6",
            "owner_id": "056703031512",
            "tags": {
              "Name": "DO-igw"
            },
            "tags_all": {
              "Name": "DO-igw"
            },
            "timeouts": null,
            "vpc_id": "vpc-0877197311383a595"
          },
          "sensitive_attributes": [],
          "private": "eyJlMmJmYjczMC1lY2FhLTExZTYtOGY4OC0zNDM2M2JjN2M0YzAiOnsiY3JlYXRlIjoxMjAwMDAwMDAwMDAwLCJkZWxldGUiOjEyMDAwMDAwMDAwMDAsInVwZGF0ZSI6MTIwMDAwMDAwMDAwMH19",
          "dependencies": [
            "aws_vpc.DO-vpc"
          ]
        }
      ]
    },
    {
      "mode": "managed",
      "type": "aws_vpc",
      "name": "DO-vpc",
      "provider": "provider[\"registry.terraform.io/hashicorp/aws\"]",
      "instances": [
        {
          "schema_version": 1,
          "attributes": {
            "arn": "arn:aws:ec2:us-east-1:056703031512:vpc/vpc-0877197311383a595",
            "assign_generated_ipv6_cidr_block": false,
            "cidr_block": "10.1.0.0/16",
            "default_network_acl_id": "acl-01d2b57386601222a",
            "default_route_table_id": "rtb-0ca0d6485320076f4",
            "default_security_group_id": "sg-07e24507143d5ac6d",
            "dhcp_options_id": "dopt-095a25baa47d880b3",
            "enable_classiclink": false,
            "enable_classiclink_dns_support": false,
            "enable_dns_hostnames": false,
            "enable_dns_support": true,
            "enable_network_address_usage_metrics": false,
            "id": "vpc-0877197311383a595",
            "instance_tenancy": "default",
            "ipv4_ipam_pool_id": null,
            "ipv4_netmask_length": null,
            "ipv6_association_id": "",
            "ipv6_cidr_block": "",
            "ipv6_cidr_block_network_border_group": "",
            "ipv6_ipam_pool_id": "",
            "ipv6_netmask_length": 0,
            "main_route_table_id": "rtb-0ca0d6485320076f4",
            "owner_id": "056703031512",
            "tags": {
              "Name": "DO-vpc"
            },
            "tags_all": {
              "Name": "DO-vpc"
            }
          },
          "sensitive_attributes": [],
          "private": "eyJzY2hlbWFfdmVyc2lvbiI6IjEifQ=="
        }
      ]
    }
  ],
  "check_results": null
}
