{
  "version": 4,
  "terraform_version": "1.3.4",
  "serial": 8,
  "lineage": "c4ae8d08-7baa-b9fb-e2ae-623a2d272821",
  "outputs": {},
  "resources": [
    {
      "mode": "managed",
      "type": "aws_internet_gateway",
      "name": "igw2-tf2_dev",
      "provider": "provider[\"registry.terraform.io/hashicorp/aws\"]",
      "instances": [
        {
          "schema_version": 0,
          "attributes": {
            "arn": "arn:aws:ec2:us-east-1:056703031512:internet-gateway/igw-07fa491883e371a1e",
            "id": "igw-07fa491883e371a1e",
            "owner_id": "056703031512",
            "tags": {
              "Name": "tf-IGW"
            },
            "tags_all": {
              "Name": "tf-IGW"
            },
            "timeouts": null,
            "vpc_id": "vpc-044643bd3a68b67a9"
          },
          "sensitive_attributes": [],
          "private": "eyJlMmJmYjczMC1lY2FhLTExZTYtOGY4OC0zNDM2M2JjN2M0YzAiOnsiY3JlYXRlIjoxMjAwMDAwMDAwMDAwLCJkZWxldGUiOjEyMDAwMDAwMDAwMDAsInVwZGF0ZSI6MTIwMDAwMDAwMDAwMH19",
          "dependencies": [
            "aws_vpc.tf-vpc"
          ]
        }
      ]
    },
    {
      "mode": "managed",
      "type": "aws_vpc",
      "name": "tf-vpc",
      "provider": "provider[\"registry.terraform.io/hashicorp/aws\"]",
      "instances": [
        {
          "schema_version": 1,
          "attributes": {
            "arn": "arn:aws:ec2:us-east-1:056703031512:vpc/vpc-044643bd3a68b67a9",
            "assign_generated_ipv6_cidr_block": false,
            "cidr_block": "10.0.0.0/16",
            "default_network_acl_id": "acl-0b1a6dcd078ef3761",
            "default_route_table_id": "rtb-0f62f9a34a8420327",
            "default_security_group_id": "sg-098d0e704db1f8c21",
            "dhcp_options_id": "dopt-095a25baa47d880b3",
            "enable_classiclink": false,
            "enable_classiclink_dns_support": false,
            "enable_dns_hostnames": false,
            "enable_dns_support": true,
            "enable_network_address_usage_metrics": false,
            "id": "vpc-044643bd3a68b67a9",
            "instance_tenancy": "default",
            "ipv4_ipam_pool_id": null,
            "ipv4_netmask_length": null,
            "ipv6_association_id": "",
            "ipv6_cidr_block": "",
            "ipv6_cidr_block_network_border_group": "",
            "ipv6_ipam_pool_id": "",
            "ipv6_netmask_length": 0,
            "main_route_table_id": "rtb-0f62f9a34a8420327",
            "owner_id": "056703031512",
            "tags": {
              "Name": "tf-vpc-tag"
            },
            "tags_all": {
              "Name": "tf-vpc-tag"
            }
          },
          "sensitive_attributes": [],
          "private": "eyJzY2hlbWFfdmVyc2lvbiI6IjEifQ=="
        }
      ]
    }
  ],
  "check_results": null
}
